
Microsoft Visual Studio Solution File, Format Version 12.00
# Visual Studio Version 17
VisualStudioVersion = 17.5.33516.290
MinimumVisualStudioVersion = 10.0.40219.1
Project("{54A90642-561A-4BB1-A94E-469ADEE60C69}") = "ChatGPTNextClient", "ChatGPTNextClient\ChatGPTNextClient.esproj", "{BDA7DB58-87DB-4BB0-8669-B00E7437D5D7}"
EndProject
Global
	GlobalSection(SolutionConfigurationPlatforms) = preSolution
		Debug|Any CPU = Debug|Any CPU
		Release|Any CPU = Release|Any CPU
	EndGlobalSection
	GlobalSection(ProjectConfigurationPlatforms) = postSolution
		{BDA7DB58-87DB-4BB0-8669-B00E7437D5D7}.Debug|Any CPU.ActiveCfg = Debug|Any CPU
		{BDA7DB58-87DB-4BB0-8669-B00E7437D5D7}.Debug|Any CPU.Build.0 = Debug|Any CPU
		{BDA7DB58-87DB-4BB0-8669-B00E7437D5D7}.Debug|Any CPU.Deploy.0 = Debug|Any CPU
		{BDA7DB58-87DB-4BB0-8669-B00E7437D5D7}.Release|Any CPU.ActiveCfg = Release|Any CPU
		{BDA7DB58-87DB-4BB0-8669-B00E7437D5D7}.Release|Any CPU.Build.0 = Release|Any CPU
		{BDA7DB58-87DB-4BB0-8669-B00E7437D5D7}.Release|Any CPU.Deploy.0 = Release|Any CPU
	EndGlobalSection
	GlobalSection(SolutionProperties) = preSolution
		HideSolutionNode = FALSE
	EndGlobalSection
	GlobalSection(ExtensibilityGlobals) = postSolution
		SolutionGuid = {EEA8CB7A-10FB-4DDB-B05A-5DB601709F56}
	EndGlobalSection
EndGlobal
